
Microsoft Visual Studio Solution File, Format Version 12.00
# Visual Studio Version 16
VisualStudioVersion = 16.0.30907.101
MinimumVisualStudioVersion = 10.0.40219.1
Project("{FAE04EC0-301F-11D3-BF4B-00C04F79EFBC}") = "SiguiendoApp", "SiguiendoApp\SiguiendoApp.csproj", "{823D63D6-2509-4759-B492-157CB0072D6C}"
EndProject
Global
	GlobalSection(SolutionConfigurationPlatforms) = preSolution
		Debug|Any CPU = Debug|Any CPU
		Release|Any CPU = Release|Any CPU
	EndGlobalSection
	GlobalSection(ProjectConfigurationPlatforms) = postSolution
		{823D63D6-2509-4759-B492-157CB0072D6C}.Debug|Any CPU.ActiveCfg = Debug|Any CPU
		{823D63D6-2509-4759-B492-157CB0072D6C}.Debug|Any CPU.Build.0 = Debug|Any CPU
		{823D63D6-2509-4759-B492-157CB0072D6C}.Release|Any CPU.ActiveCfg = Release|Any CPU
		{823D63D6-2509-4759-B492-157CB0072D6C}.Release|Any CPU.Build.0 = Release|Any CPU
	EndGlobalSection
	GlobalSection(SolutionProperties) = preSolution
		HideSolutionNode = FALSE
	EndGlobalSection
	GlobalSection(ExtensibilityGlobals) = postSolution
		SolutionGuid = {974E487E-459E-4CC4-987E-485B9BEA6F78}
	EndGlobalSection
EndGlobal
